
Microsoft Visual Studio Solution File, Format Version 12.00
# Visual Studio Version 17
VisualStudioVersion = 17.1.32421.90
MinimumVisualStudioVersion = 10.0.40219.1
Project("{FAE04EC0-301F-11D3-BF4B-00C04F79EFBC}") = "EncoraChallenge", "EncoraChallenge\EncoraChallenge.csproj", "{2E8D7E00-92D8-4F34-B01D-7F7E6A39C2B3}"
EndProject
Project("{FAE04EC0-301F-11D3-BF4B-00C04F79EFBC}") = "EncoraChallenge.Test", "EncoraChallenge.Test\EncoraChallenge.Test.csproj", "{E7867100-3CAE-4D2D-A555-EDF638E4F591}"
EndProject
Global
	GlobalSection(SolutionConfigurationPlatforms) = preSolution
		Debug|Any CPU = Debug|Any CPU
		Release|Any CPU = Release|Any CPU
	EndGlobalSection
	GlobalSection(ProjectConfigurationPlatforms) = postSolution
		{2E8D7E00-92D8-4F34-B01D-7F7E6A39C2B3}.Debug|Any CPU.ActiveCfg = Debug|Any CPU
		{2E8D7E00-92D8-4F34-B01D-7F7E6A39C2B3}.Debug|Any CPU.Build.0 = Debug|Any CPU
		{2E8D7E00-92D8-4F34-B01D-7F7E6A39C2B3}.Release|Any CPU.ActiveCfg = Release|Any CPU
		{2E8D7E00-92D8-4F34-B01D-7F7E6A39C2B3}.Release|Any CPU.Build.0 = Release|Any CPU
		{E7867100-3CAE-4D2D-A555-EDF638E4F591}.Debug|Any CPU.ActiveCfg = Debug|Any CPU
		{E7867100-3CAE-4D2D-A555-EDF638E4F591}.Debug|Any CPU.Build.0 = Debug|Any CPU
		{E7867100-3CAE-4D2D-A555-EDF638E4F591}.Release|Any CPU.ActiveCfg = Release|Any CPU
		{E7867100-3CAE-4D2D-A555-EDF638E4F591}.Release|Any CPU.Build.0 = Release|Any CPU
	EndGlobalSection
	GlobalSection(SolutionProperties) = preSolution
		HideSolutionNode = FALSE
	EndGlobalSection
	GlobalSection(ExtensibilityGlobals) = postSolution
		SolutionGuid = {9771ED34-0332-4338-8D85-E2DB90511A6E}
	EndGlobalSection
EndGlobal
